# THIS IS AN AUTOGENERATED FILE. DO NOT EDIT THIS FILE DIRECTLY.
# yarn lockfile v1


"@esbuild/win32-x64@0.23.1":
  version "0.23.1"
  resolved "https://registry.npmjs.org/@esbuild/win32-x64/-/win32-x64-0.23.1.tgz"
  integrity sha512-BHpFFeslkWrXWyUPnbKm+xYYVYruCinGcftSBaa8zoF9hZO4BcSCFUvHVTtzpIY6YzUnYtuEhZ+C9iEXjxnasg==

"@hotwired/stimulus@^3.2.2":
  version "3.2.2"
  resolved "https://registry.npmjs.org/@hotwired/stimulus/-/stimulus-3.2.2.tgz"
  integrity sha512-eGeIqNOQpXoPAIP7tC1+1Yc1yl1xnwYqg+3mzqxyrbE5pg5YFBZcA6YoTiByJB6DKAEsiWtl6tjTJS4IYtbB7A==

"@hotwired/turbo-rails@^8.0.9":
  version "8.0.9"
  resolved "https://registry.npmjs.org/@hotwired/turbo-rails/-/turbo-rails-8.0.9.tgz"
  integrity sha512-yJWcKjztrerWYIiinv/febJlVzsOfih2s4eGAoHmg0XvWkGhzWqupknByt18Jo5NfbZgCdeWlUH3q818Ay7FOQ==
  dependencies:
    "@hotwired/turbo" "^8.0.6"
    "@rails/actioncable" "^7.0"

"@hotwired/turbo@^8.0.6":
  version "8.0.6"
  resolved "https://registry.npmjs.org/@hotwired/turbo/-/turbo-8.0.6.tgz"
  integrity sha512-mwZRfwcJ4yatUnW5tcCY9NDvo0kjuuLQF/y8pXigHhS+c/JY/ccNluVyuERR9Sraqx0qdpenkO3pNeSWz1mE3w==

"@rails/actioncable@^7.0":
  version "7.2.100"
  resolved "https://registry.npmjs.org/@rails/actioncable/-/actioncable-7.2.100.tgz"
  integrity sha512-7xtIENf0Yw59AFDM3+xqxPCZxev3QVAqjPmUzmgsB9eL8S/zTpB0IU9srNc7XknzJI4e09XKNnCaJRx3gfYzXA==

bootstrap-sass@^3.4.3:
  version "3.4.3"
  resolved "https://registry.npmjs.org/bootstrap-sass/-/bootstrap-sass-3.4.3.tgz"
  integrity sha512-vPgFnGMp1jWZZupOND65WS6mkR8rxhJxndT/AcMbqcq1hHMdkcH4sMPhznLzzoHOHkSCrd6J9F8pWBriPCKP2Q==

esbuild@^0.23.1:
  version "0.23.1"
  resolved "https://registry.npmjs.org/esbuild/-/esbuild-0.23.1.tgz"
  integrity sha512-VVNz/9Sa0bs5SELtn3f7qhJCDPCF5oMEl5cO9/SSinpE9hbPVvxbd572HH5AKiP7WD8INO53GgfDDhRjkylHEg==
  optionalDependencies:
    "@esbuild/aix-ppc64" "0.23.1"
    "@esbuild/android-arm" "0.23.1"
    "@esbuild/android-arm64" "0.23.1"
    "@esbuild/android-x64" "0.23.1"
    "@esbuild/darwin-arm64" "0.23.1"
    "@esbuild/darwin-x64" "0.23.1"
    "@esbuild/freebsd-arm64" "0.23.1"
    "@esbuild/freebsd-x64" "0.23.1"
    "@esbuild/linux-arm" "0.23.1"
    "@esbuild/linux-arm64" "0.23.1"
    "@esbuild/linux-ia32" "0.23.1"
    "@esbuild/linux-loong64" "0.23.1"
    "@esbuild/linux-mips64el" "0.23.1"
    "@esbuild/linux-ppc64" "0.23.1"
    "@esbuild/linux-riscv64" "0.23.1"
    "@esbuild/linux-s390x" "0.23.1"
    "@esbuild/linux-x64" "0.23.1"
    "@esbuild/netbsd-x64" "0.23.1"
    "@esbuild/openbsd-arm64" "0.23.1"
    "@esbuild/openbsd-x64" "0.23.1"
    "@esbuild/sunos-x64" "0.23.1"
    "@esbuild/win32-arm64" "0.23.1"
    "@esbuild/win32-ia32" "0.23.1"
    "@esbuild/win32-x64" "0.23.1"

jquery-ujs@^1.2.3:
  version "1.2.3"
  resolved "https://registry.npmjs.org/jquery-ujs/-/jquery-ujs-1.2.3.tgz"
  integrity sha512-59wvfx5vcCTHMeQT1/OwFiAj+UffLIwjRIoXdpO7Z7BCFGepzq9T9oLVeoItjTqjoXfUrHJvV7QU6pUR+UzOoA==

jquery@^3.7.1, jquery@>=1.8.0:
  version "3.7.1"
  resolved "https://registry.npmjs.org/jquery/-/jquery-3.7.1.tgz"
  integrity sha512-m4avr8yL8kmFN8psrbFFFmB/If14iN5o9nw/NgnnM+kybDJpRsAynV2BsfpTYrTRysYUdADVD7CkUUizgkpLfg==
